{
  "name": "scraper-yonder-ro",
  "lockfileVersion": 3,
  "requires": true,
  "packages": {
    "": {
      "name": "scraper-yonder-ro",
      "version": "1.0.0",
      "dependencies": {
        "cheerio": "^1.0.0-rc.12",
        "dotenv": "^16.4.0",
        "node-fetch": "^3.3.2"
      },
      "devDependencies": {
        "jest": "^29.7.0",
        "jest-html-reporter": "^3.5.0"
      }
    }
  }
}
